
Microsoft Visual Studio Solution File, Format Version 12.00
# Visual Studio Version 16
VisualStudioVersion = 16.0.28803.352
MinimumVisualStudioVersion = 10.0.40219.1
Project("{FAE04EC0-301F-11D3-BF4B-00C04F79EFBC}") = "FazTipster", "FazTipster\FazTipster.csproj", "{AA9C33A4-9AE9-43CA-8081-C342227DC15B}"
EndProject
Global
	GlobalSection(SolutionConfigurationPlatforms) = preSolution
		Debug|Any CPU = Debug|Any CPU
		Release|Any CPU = Release|Any CPU
	EndGlobalSection
	GlobalSection(ProjectConfigurationPlatforms) = postSolution
		{AA9C33A4-9AE9-43CA-8081-C342227DC15B}.Debug|Any CPU.ActiveCfg = Debug|Any CPU
		{AA9C33A4-9AE9-43CA-8081-C342227DC15B}.Debug|Any CPU.Build.0 = Debug|Any CPU
		{AA9C33A4-9AE9-43CA-8081-C342227DC15B}.Release|Any CPU.ActiveCfg = Release|Any CPU
		{AA9C33A4-9AE9-43CA-8081-C342227DC15B}.Release|Any CPU.Build.0 = Release|Any CPU
	EndGlobalSection
	GlobalSection(SolutionProperties) = preSolution
		HideSolutionNode = FALSE
	EndGlobalSection
	GlobalSection(ExtensibilityGlobals) = postSolution
		SolutionGuid = {595E2F39-C6F8-439B-BB3C-7C99FC9F467F}
	EndGlobalSection
EndGlobal
